
Microsoft Visual Studio Solution File, Format Version 12.00
# Visual Studio 2012
Project("{FAE04EC0-301F-11D3-BF4B-00C04F79EFBC}") = "SmartHouseControl", "SmartHouseControl\SmartHouseControl.csproj", "{38F87E0E-7880-432D-AC16-58E5C369EFC8}"
EndProject
Global
	GlobalSection(SolutionConfigurationPlatforms) = preSolution
		Debug|Any CPU = Debug|Any CPU
		Release|Any CPU = Release|Any CPU
	EndGlobalSection
	GlobalSection(ProjectConfigurationPlatforms) = postSolution
		{38F87E0E-7880-432D-AC16-58E5C369EFC8}.Debug|Any CPU.ActiveCfg = Debug|Any CPU
		{38F87E0E-7880-432D-AC16-58E5C369EFC8}.Debug|Any CPU.Build.0 = Debug|Any CPU
		{38F87E0E-7880-432D-AC16-58E5C369EFC8}.Release|Any CPU.ActiveCfg = Release|Any CPU
		{38F87E0E-7880-432D-AC16-58E5C369EFC8}.Release|Any CPU.Build.0 = Release|Any CPU
	EndGlobalSection
	GlobalSection(SolutionProperties) = preSolution
		HideSolutionNode = FALSE
	EndGlobalSection
EndGlobal
